
Microsoft Visual Studio Solution File, Format Version 12.00
# Visual Studio 2012
Project("{FAE04EC0-301F-11D3-BF4B-00C04F79EFBC}") = "ServerSocketConsole", "ServerSocketConsole\ServerSocketConsole.csproj", "{FE4DA1FD-6246-46EA-BC84-FE4717FAFEC0}"
EndProject
Project("{2150E333-8FDC-42A3-9474-1A3956D46DE8}") = "Generador", "Generador", "{C46D0380-7839-4EA5-955B-D6914DD1F8C3}"
	ProjectSection(SolutionItems) = preProject
		Recursos\GeneradorNumeros.html = Recursos\GeneradorNumeros.html
	EndProjectSection
EndProject
Project("{2150E333-8FDC-42A3-9474-1A3956D46DE8}") = "Cliente", "Cliente", "{895D27FE-776F-4571-B458-F73073CEE6D0}"
	ProjectSection(SolutionItems) = preProject
		Recursos\Cliente.html = Recursos\Cliente.html
	EndProjectSection
EndProject
Global
	GlobalSection(SolutionConfigurationPlatforms) = preSolution
		Debug|Any CPU = Debug|Any CPU
		Release|Any CPU = Release|Any CPU
	EndGlobalSection
	GlobalSection(ProjectConfigurationPlatforms) = postSolution
		{FE4DA1FD-6246-46EA-BC84-FE4717FAFEC0}.Debug|Any CPU.ActiveCfg = Debug|Any CPU
		{FE4DA1FD-6246-46EA-BC84-FE4717FAFEC0}.Debug|Any CPU.Build.0 = Debug|Any CPU
		{FE4DA1FD-6246-46EA-BC84-FE4717FAFEC0}.Release|Any CPU.ActiveCfg = Release|Any CPU
		{FE4DA1FD-6246-46EA-BC84-FE4717FAFEC0}.Release|Any CPU.Build.0 = Release|Any CPU
	EndGlobalSection
	GlobalSection(SolutionProperties) = preSolution
		HideSolutionNode = FALSE
	EndGlobalSection
EndGlobal
